
Microsoft Visual Studio Solution File, Format Version 12.00
# Visual Studio Version 16
VisualStudioVersion = 16.0.30011.22
MinimumVisualStudioVersion = 10.0.40219.1
Project("{FAE04EC0-301F-11D3-BF4B-00C04F79EFBC}") = "Klient", "Klient.csproj", "{0759228E-1CBC-42CB-BA4A-9D746583D9A6}"
EndProject
Project("{FAE04EC0-301F-11D3-BF4B-00C04F79EFBC}") = "Server", "..\Server\Server.csproj", "{B9463FAB-6EC3-48F1-BB60-3E770651A9F8}"
EndProject
Global
	GlobalSection(SolutionConfigurationPlatforms) = preSolution
		Debug|Any CPU = Debug|Any CPU
		Release|Any CPU = Release|Any CPU
	EndGlobalSection
	GlobalSection(ProjectConfigurationPlatforms) = postSolution
		{0759228E-1CBC-42CB-BA4A-9D746583D9A6}.Debug|Any CPU.ActiveCfg = Debug|Any CPU
		{0759228E-1CBC-42CB-BA4A-9D746583D9A6}.Debug|Any CPU.Build.0 = Debug|Any CPU
		{0759228E-1CBC-42CB-BA4A-9D746583D9A6}.Release|Any CPU.ActiveCfg = Release|Any CPU
		{0759228E-1CBC-42CB-BA4A-9D746583D9A6}.Release|Any CPU.Build.0 = Release|Any CPU
		{B9463FAB-6EC3-48F1-BB60-3E770651A9F8}.Debug|Any CPU.ActiveCfg = Debug|Any CPU
		{B9463FAB-6EC3-48F1-BB60-3E770651A9F8}.Debug|Any CPU.Build.0 = Debug|Any CPU
		{B9463FAB-6EC3-48F1-BB60-3E770651A9F8}.Release|Any CPU.ActiveCfg = Release|Any CPU
		{B9463FAB-6EC3-48F1-BB60-3E770651A9F8}.Release|Any CPU.Build.0 = Release|Any CPU
	EndGlobalSection
	GlobalSection(SolutionProperties) = preSolution
		HideSolutionNode = FALSE
	EndGlobalSection
	GlobalSection(ExtensibilityGlobals) = postSolution
		SolutionGuid = {5A7D96BA-F389-44AC-AF77-230D194C45C5}
	EndGlobalSection
EndGlobal
